
Microsoft Visual Studio Solution File, Format Version 12.00
# Visual Studio Version 16
VisualStudioVersion = 16.0.29001.49
MinimumVisualStudioVersion = 10.0.40219.1
Project("{888888A0-9F3D-457C-B088-3A5042F75D52}") = "LtParliamentScrapper", "LtParliamentScrapper\LtParliamentScrapper.pyproj", "{B10E66C5-0B69-494F-A213-F0E4E280B359}"
EndProject
Global
	GlobalSection(SolutionConfigurationPlatforms) = preSolution
		Debug|Any CPU = Debug|Any CPU
		Release|Any CPU = Release|Any CPU
	EndGlobalSection
	GlobalSection(ProjectConfigurationPlatforms) = postSolution
		{B10E66C5-0B69-494F-A213-F0E4E280B359}.Debug|Any CPU.ActiveCfg = Debug|Any CPU
		{B10E66C5-0B69-494F-A213-F0E4E280B359}.Release|Any CPU.ActiveCfg = Release|Any CPU
	EndGlobalSection
	GlobalSection(SolutionProperties) = preSolution
		HideSolutionNode = FALSE
	EndGlobalSection
	GlobalSection(ExtensibilityGlobals) = postSolution
		SolutionGuid = {CD0EABF6-F92C-4FBA-895E-5C526772BDF5}
	EndGlobalSection
EndGlobal
